// !$*UTF8*$!
{
	archiveVersion = 1;
	classes = {
	};
	objectVersion = 51;
	objects = {

/* Begin PBXBuildFile section */
		7F2A3AC0232774F40081A109 /* AppDelegate.swift in Sources */ = {isa = PBXBuildFile; fileRef = 7F2A3ABF232774F40081A109 /* AppDelegate.swift */; };
		7F2A3AC2232774F40081A109 /* ViewController.swift in Sources */ = {isa = PBXBuildFile; fileRef = 7F2A3AC1232774F40081A109 /* ViewController.swift */; };
		7F2A3AC5232774F40081A109 /* Main.storyboard in Resources */ = {isa = PBXBuildFile; fileRef = 7F2A3AC3232774F40081A109 /* Main.storyboard */; };
		7F2A3AC7232775010081A109 /* Assets.xcassets in Resources */ = {isa = PBXBuildFile; fileRef = 7F2A3AC6232775010081A109 /* Assets.xcassets */; };
		7F2A3ACA232775010081A109 /* LaunchScreen.storyboard in Resources */ = {isa = PBXBuildFile; fileRef = 7F2A3AC8232775010081A109 /* LaunchScreen.storyboard */; };
		7F2A3AD223277A130081A109 /* AFNetTools.swift in Sources */ = {isa = PBXBuildFile; fileRef = 7F2A3AD123277A130081A109 /* AFNetTools.swift */; };
		AFE34237B4C003846A93F146 /* Pods_AFNToolClass.framework in Frameworks */ = {isa = PBXBuildFile; fileRef = 8A7E3F6B9536C19067934CF4 /* Pods_AFNToolClass.framework */; };
/* End PBXBuildFile section */

/* Begin PBXFileReference section */
		7F2A3ABC232774F30081A109 /* AFNToolClass.app */ = {isa = PBXFileReference; explicitFileType = wrapper.application; includeInIndex = 0; path = AFNToolClass.app; sourceTree = BUILT_PRODUCTS_DIR; };
		7F2A3ABF232774F40081A109 /* AppDelegate.swift */ = {isa = PBXFileReference; lastKnownFileType = sourcecode.swift; path = AppDelegate.swift; sourceTree = "<group>"; };
		7F2A3AC1232774F40081A109 /* ViewController.swift */ = {isa = PBXFileReference; lastKnownFileType = sourcecode.swift; path = ViewController.swift; sourceTree = "<group>"; };
		7F2A3AC4232774F40081A109 /* Base */ = {isa = PBXFileReference; lastKnownFileType = file.storyboard; name = Base; path = Base.lproj/Main.storyboard; sourceTree = "<group>"; };
		7F2A3AC6232775010081A109 /* Assets.xcassets */ = {isa = PBXFileReference; lastKnownFileType = folder.assetcatalog; path = Assets.xcassets; sourceTree = "<group>"; };
		7F2A3AC9232775010081A109 /* Base */ = {isa = PBXFileReference; lastKnownFileType = file.storyboard; name = Base; path = Base.lproj/LaunchScreen.storyboard; sourceTree = "<group>"; };
		7F2A3ACB232775010081A109 /* Info.plist */ = {isa = PBXFileReference; lastKnownFileType = text.plist.xml; path = Info.plist; sourceTree = "<group>"; };
		7F2A3AD123277A130081A109 /* AFNetTools.swift */ = {isa = PBXFileReference; lastKnownFileType = sourcecode.swift; path = AFNetTools.swift; sourceTree = "<group>"; };
		82805EB126C240F213BD122E /* Pods-AFNToolClass.debug.xcconfig */ = {isa = PBXFileReference; includeInIndex = 1; lastKnownFileType = text.xcconfig; name = "Pods-AFNToolClass.debug.xcconfig"; path = "Target Support Files/Pods-AFNToolClass/Pods-AFNToolClass.debug.xcconfig"; sourceTree = "<group>"; };
		8A7E3F6B9536C19067934CF4 /* Pods_AFNToolClass.framework */ = {isa = PBXFileReference; explicitFileType = wrapper.framework; includeInIndex = 0; path = Pods_AFNToolClass.framework; sourceTree = BUILT_PRODUCTS_DIR; };
		E493567385BC42697BA3A225 /* Pods-AFNToolClass.release.xcconfig */ = {isa = PBXFileReference; includeInIndex = 1; lastKnownFileType = text.xcconfig; name = "Pods-AFNToolClass.release.xcconfig"; path = "Target Support Files/Pods-AFNToolClass/Pods-AFNToolClass.release.xcconfig"; sourceTree = "<group>"; };
/* End PBXFileReference section */

/* Begin PBXFrameworksBuildPhase section */
		7F2A3AB9232774F30081A109 /* Frameworks */ = {
			isa = PBXFrameworksBuildPhase;
			buildActionMask = 2147483647;
			files = (
				AFE34237B4C003846A93F146 /* Pods_AFNToolClass.framework in Frameworks */,
			);
			runOnlyForDeploymentPostprocessing = 0;
		};
/* End PBXFrameworksBuildPhase section */

/* Begin PBXGroup section */
		197BB439AAEA51F2878418A8 /* Frameworks */ = {
			isa = PBXGroup;
			children = (
				8A7E3F6B9536C19067934CF4 /* Pods_AFNToolClass.framework */,
			);
			name = Frameworks;
			sourceTree = "<group>";
		};
		7F2A3AB3232774F30081A109 = {
			isa = PBXGroup;
			children = (
				7F2A3ABE232774F40081A109 /* AFNToolClass */,
				7F2A3ABD232774F30081A109 /* Products */,
				C5CD5B2F7193F0B5B8438551 /* Pods */,
				197BB439AAEA51F2878418A8 /* Frameworks */,
			);
			sourceTree = "<group>";
		};
		7F2A3ABD232774F30081A109 /* Products */ = {
			isa = PBXGroup;
			children = (
				7F2A3ABC232774F30081A109 /* AFNToolClass.app */,
			);
			name = Products;
			sourceTree = "<group>";
		};
		7F2A3ABE232774F40081A109 /* AFNToolClass */ = {
			isa = PBXGroup;
			children = (
				7F2A3ABF232774F40081A109 /* AppDelegate.swift */,
				7F2A3AC1232774F40081A109 /* ViewController.swift */,
				7F2A3AC3232774F40081A109 /* Main.storyboard */,
				7F2A3AC6232775010081A109 /* Assets.xcassets */,
				7F2A3AC8232775010081A109 /* LaunchScreen.storyboard */,
				7F2A3ACB232775010081A109 /* Info.plist */,
				7F2A3AD123277A130081A109 /* AFNetTools.swift */,
			);
			path = AFNToolClass;
			sourceTree = "<group>";
		};
		C5CD5B2F7193F0B5B8438551 /* Pods */ = {
			isa = PBXGroup;
			children = (
				82805EB126C240F213BD122E /* Pods-AFNToolClass.debug.xcconfig */,
				E493567385BC42697BA3A225 /* Pods-AFNToolClass.release.xcconfig */,
			);
			path = Pods;
			sourceTree = "<group>";
		};
/* End PBXGroup section */

/* Begin PBXNativeTarget section */
		7F2A3ABB232774F30081A109 /* AFNToolClass */ = {
			isa = PBXNativeTarget;
			buildConfigurationList = 7F2A3ACE232775010081A109 /* Build configuration list for PBXNativeTarget "AFNToolClass" */;
			buildPhases = (
				879B78ED81499B0DEA872CC5 /* [CP] Check Pods Manifest.lock */,
				7F2A3AB8232774F30081A109 /* Sources */,
				7F2A3AB9232774F30081A109 /* Frameworks */,
				7F2A3ABA232774F30081A109 /* Resources */,
				FFDB503EDD73FAD67092A683 /* [CP] Embed Pods Frameworks */,
			);
			buildRules = (
			);
			dependencies = (
			);
			name = AFNToolClass;
			productName = AFNToolClass;
			productReference = 7F2A3ABC232774F30081A109 /* AFNToolClass.app */;
			productType = "com.apple.product-type.application";
		};
/* End PBXNativeTarget section */

/* Begin PBXProject section */
		7F2A3AB4232774F30081A109 /* Project object */ = {
			isa = PBXProject;
			attributes = {
				LastSwiftUpdateCheck = 1030;
				LastUpgradeCheck = 1030;
				ORGANIZATIONNAME = "浙大网新中研软件";
				TargetAttributes = {
					7F2A3ABB232774F30081A109 = {
						CreatedOnToolsVersion = 10.3;
					};
				};
			};
			buildConfigurationList = 7F2A3AB7232774F30081A109 /* Build configuration list for PBXProject "AFNToolClass" */;
			compatibilityVersion = "Xcode 9.3";
			developmentRegion = en;
			hasScannedForEncodings = 0;
			knownRegions = (
				en,
				Base,
			);
			mainGroup = 7F2A3AB3232774F30081A109;
			productRefGroup = 7F2A3ABD232774F30081A109 /* Products */;
			projectDirPath = "";
			projectRoot = "";
			targets = (
				7F2A3ABB232774F30081A109 /* AFNToolClass */,
			);
		};
/* End PBXProject section */

/* Begin PBXResourcesBuildPhase section */
		7F2A3ABA232774F30081A109 /* Resources */ = {
			isa = PBXResourcesBuildPhase;
			buildActionMask = 2147483647;
			files = (
				7F2A3ACA232775010081A109 /* LaunchScreen.storyboard in Resources */,
				7F2A3AC7232775010081A109 /* Assets.xcassets in Resources */,
				7F2A3AC5232774F40081A109 /* Main.storyboard in Resources */,
			);
			runOnlyForDeploymentPostprocessing = 0;
		};
/* End PBXResourcesBuildPhase section */

/* Begin PBXShellScriptBuildPhase section */
		879B78ED81499B0DEA872CC5 /* [CP] Check Pods Manifest.lock */ = {
			isa = PBXShellScriptBuildPhase;
			buildActionMask = 2147483647;
			files = (
			);
			inputFileListPaths = (
			);
			inputPaths = (
				"${PODS_PODFILE_DIR_PATH}/Podfile.lock",
				"${PODS_ROOT}/Manifest.lock",
			);
			name = "[CP] Check Pods Manifest.lock";
			outputFileListPaths = (
			);
			outputPaths = (
				"$(DERIVED_FILE_DIR)/Pods-AFNToolClass-checkManifestLockResult.txt",
			);
			runOnlyForDeploymentPostprocessing = 0;
			shellPath = /bin/sh;
			shellScript = "diff \"${PODS_PODFILE_DIR_PATH}/Podfile.lock\" \"${PODS_ROOT}/Manifest.lock\" > /dev/null\nif [ $? != 0 ] ; then\n    # print error to STDERR\n    echo \"error: The sandbox is not in sync with the Podfile.lock. Run 'pod install' or update your CocoaPods installation.\" >&2\n    exit 1\nfi\n# This output is used by Xcode 'outputs' to avoid re-running this script phase.\necho \"SUCCESS\" > \"${SCRIPT_OUTPUT_FILE_0}\"\n";
			showEnvVarsInLog = 0;
		};
		FFDB503EDD73FAD67092A683 /* [CP] Embed Pods Frameworks */ = {
			isa = PBXShellScriptBuildPhase;
			buildActionMask = 2147483647;
			files = (
			);
			inputFileListPaths = (
				"${PODS_ROOT}/Target Support Files/Pods-AFNToolClass/Pods-AFNToolClass-frameworks-${CONFIGURATION}-input-files.xcfilelist",
			);
			name = "[CP] Embed Pods Frameworks";
			outputFileListPaths = (
				"${PODS_ROOT}/Target Support Files/Pods-AFNToolClass/Pods-AFNToolClass-frameworks-${CONFIGURATION}-output-files.xcfilelist",
			);
			runOnlyForDeploymentPostprocessing = 0;
			shellPath = /bin/sh;
			shellScript = "\"${PODS_ROOT}/Target Support Files/Pods-AFNToolClass/Pods-AFNToolClass-frameworks.sh\"\n";
			showEnvVarsInLog = 0;
		};
/* End PBXShellScriptBuildPhase section */

/* Begin PBXSourcesBuildPhase section */
		7F2A3AB8232774F30081A109 /* Sources */ = {
			isa = PBXSourcesBuildPhase;
			buildActionMask = 2147483647;
			files = (
				7F2A3AC2232774F40081A109 /* ViewController.swift in Sources */,
				7F2A3AC0232774F40081A109 /* AppDelegate.swift in Sources */,
				7F2A3AD223277A130081A109 /* AFNetTools.swift in Sources */,
			);
			runOnlyForDeploymentPostprocessing = 0;
		};
/* End PBXSourcesBuildPhase section */

/* Begin PBXVariantGroup section */
		7F2A3AC3232774F40081A109 /* Main.storyboard */ = {
			isa = PBXVariantGroup;
			children = (
				7F2A3AC4232774F40081A109 /* Base */,
			);
			name = Main.storyboard;
			sourceTree = "<group>";
		};
		7F2A3AC8232775010081A109 /* LaunchScreen.storyboard */ = {
			isa = PBXVariantGroup;
			children = (
				7F2A3AC9232775010081A109 /* Base */,
			);
			name = LaunchScreen.storyboard;
			sourceTree = "<group>";
		};
/* End PBXVariantGroup section */

/* Begin XCBuildConfiguration section */
		7F2A3ACC232775010081A109 /* Debug */ = {
			isa = XCBuildConfiguration;
			buildSettings = {
				ALWAYS_SEARCH_USER_PATHS = NO;
				CLANG_ANALYZER_NONNULL = YES;
				CLANG_ANALYZER_NUMBER_OBJECT_CONVERSION = YES_AGGRESSIVE;
				CLANG_CXX_LANGUAGE_STANDARD = "gnu++14";
				CLANG_CXX_LIBRARY = "libc++";
				CLANG_ENABLE_MODULES = YES;
				CLANG_ENABLE_OBJC_ARC = YES;
				CLANG_ENABLE_OBJC_WEAK = YES;
				CLANG_WARN_BLOCK_CAPTURE_AUTORELEASING = YES;
				CLANG_WARN_BOOL_CONVERSION = YES;
				CLANG_WARN_COMMA = YES;
				CLANG_WARN_CONSTANT_CONVERSION = YES;
				CLANG_WARN_DEPRECATED_OBJC_IMPLEMENTATIONS = YES;
				CLANG_WARN_DIRECT_OBJC_ISA_USAGE = YES_ERROR;
				CLANG_WARN_DOCUMENTATION_COMMENTS = YES;
				CLANG_WARN_EMPTY_BODY = YES;
				CLANG_WARN_ENUM_CONVERSION = YES;
				CLANG_WARN_INFINITE_RECURSION = YES;
				CLANG_WARN_INT_CONVERSION = YES;
				CLANG_WARN_NON_LITERAL_NULL_CONVERSION = YES;
				CLANG_WARN_OBJC_IMPLICIT_RETAIN_SELF = YES;
				CLANG_WARN_OBJC_LITERAL_CONVERSION = YES;
				CLANG_WARN_OBJC_ROOT_CLASS = YES_ERROR;
				CLANG_WARN_RANGE_LOOP_ANALYSIS = YES;
				CLANG_WARN_STRICT_PROTOTYPES = YES;
				CLANG_WARN_SUSPICIOUS_MOVE = YES;
				CLANG_WARN_UNGUARDED_AVAILABILITY = YES_AGGRESSIVE;
				CLANG_WARN_UNREACHABLE_CODE = YES;
				CLANG_WARN__DUPLICATE_METHOD_MATCH = YES;
				CODE_SIGN_IDENTITY = "iPhone Developer";
				COPY_PHASE_STRIP = NO;
				DEBUG_INFORMATION_FORMAT = dwarf;
				ENABLE_STRICT_OBJC_MSGSEND = YES;
				ENABLE_TESTABILITY = YES;
				GCC_C_LANGUAGE_STANDARD = gnu11;
				GCC_DYNAMIC_NO_PIC = NO;
				GCC_NO_COMMON_BLOCKS = YES;
				GCC_OPTIMIZATION_LEVEL = 0;
				GCC_PREPROCESSOR_DEFINITIONS = (
					"DEBUG=1",
					"$(inherited)",
				);
				GCC_WARN_64_TO_32_BIT_CONVERSION = YES;
				GCC_WARN_ABOUT_RETURN_TYPE = YES_ERROR;
				GCC_WARN_UNDECLARED_SELECTOR = YES;
				GCC_WARN_UNINITIALIZED_AUTOS = YES_AGGRESSIVE;
				GCC_WARN_UNUSED_FUNCTION = YES;
				GCC_WARN_UNUSED_VARIABLE = YES;
				IPHONEOS_DEPLOYMENT_TARGET = 12.4;
				MTL_ENABLE_DEBUG_INFO = INCLUDE_SOURCE;
				MTL_FAST_MATH = YES;
				ONLY_ACTIVE_ARCH = YES;
				SDKROOT = iphoneos;
				SWIFT_ACTIVE_COMPILATION_CONDITIONS = DEBUG;
				SWIFT_OPTIMIZATION_LEVEL = "-Onone";
			};
			name = Debug;
		};
		7F2A3ACD232775010081A109 /* Release */ = {
			isa = XCBuildConfiguration;
			buildSettings = {
				ALWAYS_SEARCH_USER_PATHS = NO;
				CLANG_ANALYZER_NONNULL = YES;
				CLANG_ANALYZER_NUMBER_OBJECT_CONVERSION = YES_AGGRESSIVE;
				CLANG_CXX_LANGUAGE_STANDARD = "gnu++14";
				CLANG_CXX_LIBRARY = "libc++";
				CLANG_ENABLE_MODULES = YES;
				CLANG_ENABLE_OBJC_ARC = YES;
				CLANG_ENABLE_OBJC_WEAK = YES;
				CLANG_WARN_BLOCK_CAPTURE_AUTORELEASING = YES;
				CLANG_WARN_BOOL_CONVERSION = YES;
				CLANG_WARN_COMMA = YES;
				CLANG_WARN_CONSTANT_CONVERSION = YES;
				CLANG_WARN_DEPRECATED_OBJC_IMPLEMENTATIONS = YES;
				CLANG_WARN_DIRECT_OBJC_ISA_USAGE = YES_ERROR;
				CLANG_WARN_DOCUMENTATION_COMMENTS = YES;
				CLANG_WARN_EMPTY_BODY = YES;
				CLANG_WARN_ENUM_CONVERSION = YES;
				CLANG_WARN_INFINITE_RECURSION = YES;
				CLANG_WARN_INT_CONVERSION = YES;
				CLANG_WARN_NON_LITERAL_NULL_CONVERSION = YES;
				CLANG_WARN_OBJC_IMPLICIT_RETAIN_SELF = YES;
				CLANG_WARN_OBJC_LITERAL_CONVERSION = YES;
				CLANG_WARN_OBJC_ROOT_CLASS = YES_ERROR;
				CLANG_WARN_RANGE_LOOP_ANALYSIS = YES;
				CLANG_WARN_STRICT_PROTOTYPES = YES;
				CLANG_WARN_SUSPICIOUS_MOVE = YES;
				CLANG_WARN_UNGUARDED_AVAILABILITY = YES_AGGRESSIVE;
				CLANG_WARN_UNREACHABLE_CODE = YES;
				CLANG_WARN__DUPLICATE_METHOD_MATCH = YES;
				CODE_SIGN_IDENTITY = "iPhone Developer";
				COPY_PHASE_STRIP = NO;
				DEBUG_INFORMATION_FORMAT = "dwarf-with-dsym";
				ENABLE_NS_ASSERTIONS = NO;
				ENABLE_STRICT_OBJC_MSGSEND = YES;
				GCC_C_LANGUAGE_STANDARD = gnu11;
				GCC_NO_COMMON_BLOCKS = YES;
				GCC_WARN_64_TO_32_BIT_CONVERSION = YES;
				GCC_WARN_ABOUT_RETURN_TYPE = YES_ERROR;
				GCC_WARN_UNDECLARED_SELECTOR = YES;
				GCC_WARN_UNINITIALIZED_AUTOS = YES_AGGRESSIVE;
				GCC_WARN_UNUSED_FUNCTION = YES;
				GCC_WARN_UNUSED_VARIABLE = YES;
				IPHONEOS_DEPLOYMENT_TARGET = 12.4;
				MTL_ENABLE_DEBUG_INFO = NO;
				MTL_FAST_MATH = YES;
				SDKROOT = iphoneos;
				SWIFT_COMPILATION_MODE = wholemodule;
				SWIFT_OPTIMIZATION_LEVEL = "-O";
				VALIDATE_PRODUCT = YES;
			};
			name = Release;
		};
		7F2A3ACF232775010081A109 /* Debug */ = {
			isa = XCBuildConfiguration;
			baseConfigurationReference = 82805EB126C240F213BD122E /* Pods-AFNToolClass.debug.xcconfig */;
			buildSettings = {
				ASSETCATALOG_COMPILER_APPICON_NAME = AppIcon;
				CODE_SIGN_STYLE = Automatic;
				DEVELOPMENT_TEAM = SQ4WQQ77Y9;
				INFOPLIST_FILE = AFNToolClass/Info.plist;
				LD_RUNPATH_SEARCH_PATHS = (
					"$(inherited)",
					"@executable_path/Frameworks",
				);
				PRODUCT_BUNDLE_IDENTIFIER = com.centralsoft.AFNToolClass;
				PRODUCT_NAME = "$(TARGET_NAME)";
				SWIFT_VERSION = 5.0;
				TARGETED_DEVICE_FAMILY = "1,2";
			};
			name = Debug;
		};
		7F2A3AD0232775010081A109 /* Release */ = {
			isa = XCBuildConfiguration;
			baseConfigurationReference = E493567385BC42697BA3A225 /* Pods-AFNToolClass.release.xcconfig */;
			buildSettings = {
				ASSETCATALOG_COMPILER_APPICON_NAME = AppIcon;
				CODE_SIGN_STYLE = Automatic;
				DEVELOPMENT_TEAM = SQ4WQQ77Y9;
				INFOPLIST_FILE = AFNToolClass/Info.plist;
				LD_RUNPATH_SEARCH_PATHS = (
					"$(inherited)",
					"@executable_path/Frameworks",
				);
				PRODUCT_BUNDLE_IDENTIFIER = com.centralsoft.AFNToolClass;
				PRODUCT_NAME = "$(TARGET_NAME)";
				SWIFT_VERSION = 5.0;
				TARGETED_DEVICE_FAMILY = "1,2";
			};
			name = Release;
		};
/* End XCBuildConfiguration section */

/* Begin XCConfigurationList section */
		7F2A3AB7232774F30081A109 /* Build configuration list for PBXProject "AFNToolClass" */ = {
			isa = XCConfigurationList;
			buildConfigurations = (
				7F2A3ACC232775010081A109 /* Debug */,
				7F2A3ACD232775010081A109 /* Release */,
			);
			defaultConfigurationIsVisible = 0;
			defaultConfigurationName = Release;
		};
		7F2A3ACE232775010081A109 /* Build configuration list for PBXNativeTarget "AFNToolClass" */ = {
			isa = XCConfigurationList;
			buildConfigurations = (
				7F2A3ACF232775010081A109 /* Debug */,
				7F2A3AD0232775010081A109 /* Release */,
			);
			defaultConfigurationIsVisible = 0;
			defaultConfigurationName = Release;
		};
/* End XCConfigurationList section */
	};
	rootObject = 7F2A3AB4232774F30081A109 /* Project object */;
}
